
Microsoft Visual Studio Solution File, Format Version 12.00
# Visual Studio 15
VisualStudioVersion = 15.0.28307.539
MinimumVisualStudioVersion = 10.0.40219.1
Project("{8BC9CEB8-8B4A-11D0-8D11-00A0C91BC942}") = "crm-chp1-ex1", "crm-chp1-ex1\crm-chp1-ex1.vcxproj", "{5FC24B07-84AE-4F05-9F47-572644A7C6FD}"
EndProject
Global
	GlobalSection(SolutionConfigurationPlatforms) = preSolution
		Debug|x64 = Debug|x64
		Debug|x86 = Debug|x86
		Release|x64 = Release|x64
		Release|x86 = Release|x86
	EndGlobalSection
	GlobalSection(ProjectConfigurationPlatforms) = postSolution
		{5FC24B07-84AE-4F05-9F47-572644A7C6FD}.Debug|x64.ActiveCfg = Debug|x64
		{5FC24B07-84AE-4F05-9F47-572644A7C6FD}.Debug|x64.Build.0 = Debug|x64
		{5FC24B07-84AE-4F05-9F47-572644A7C6FD}.Debug|x86.ActiveCfg = Debug|Win32
		{5FC24B07-84AE-4F05-9F47-572644A7C6FD}.Debug|x86.Build.0 = Debug|Win32
		{5FC24B07-84AE-4F05-9F47-572644A7C6FD}.Release|x64.ActiveCfg = Release|x64
		{5FC24B07-84AE-4F05-9F47-572644A7C6FD}.Release|x64.Build.0 = Release|x64
		{5FC24B07-84AE-4F05-9F47-572644A7C6FD}.Release|x86.ActiveCfg = Release|Win32
		{5FC24B07-84AE-4F05-9F47-572644A7C6FD}.Release|x86.Build.0 = Release|Win32
	EndGlobalSection
	GlobalSection(SolutionProperties) = preSolution
		HideSolutionNode = FALSE
	EndGlobalSection
	GlobalSection(ExtensibilityGlobals) = postSolution
		SolutionGuid = {DA11974C-3CDA-46CE-BF2C-8EC9215E486F}
	EndGlobalSection
EndGlobal
